
Microsoft Visual Studio Solution File, Format Version 12.00
# Visual Studio 15
VisualStudioVersion = 15.0.28010.2026
MinimumVisualStudioVersion = 10.0.40219.1
Project("{FAE04EC0-301F-11D3-BF4B-00C04F79EFBC}") = "WindowsFormsApp6", "WindowsFormsApp6\WindowsFormsApp6.csproj", "{93D97F3F-C42B-4F2D-B151-4EE279379BBB}"
EndProject
Global
	GlobalSection(SolutionConfigurationPlatforms) = preSolution
		Debug|Any CPU = Debug|Any CPU
		Release|Any CPU = Release|Any CPU
	EndGlobalSection
	GlobalSection(ProjectConfigurationPlatforms) = postSolution
		{93D97F3F-C42B-4F2D-B151-4EE279379BBB}.Debug|Any CPU.ActiveCfg = Debug|Any CPU
		{93D97F3F-C42B-4F2D-B151-4EE279379BBB}.Debug|Any CPU.Build.0 = Debug|Any CPU
		{93D97F3F-C42B-4F2D-B151-4EE279379BBB}.Release|Any CPU.ActiveCfg = Release|Any CPU
		{93D97F3F-C42B-4F2D-B151-4EE279379BBB}.Release|Any CPU.Build.0 = Release|Any CPU
	EndGlobalSection
	GlobalSection(SolutionProperties) = preSolution
		HideSolutionNode = FALSE
	EndGlobalSection
	GlobalSection(ExtensibilityGlobals) = postSolution
		SolutionGuid = {D142933C-2674-4AC9-968F-E4C69DB23A95}
	EndGlobalSection
EndGlobal
